// !$*UTF8*$!
{
	archiveVersion = 1;
	classes = {
	};
	objectVersion = 46;
	objects = {

/* Begin PBXBuildFile section */
		6A438A43192BD5B8004B2A2E /* Foundation.framework in Frameworks */ = {isa = PBXBuildFile; fileRef = 6A438A42192BD5B8004B2A2E /* Foundation.framework */; };
		6A438A45192BD5B8004B2A2E /* CoreGraphics.framework in Frameworks */ = {isa = PBXBuildFile; fileRef = 6A438A44192BD5B8004B2A2E /* CoreGraphics.framework */; };
		6A438A47192BD5B8004B2A2E /* UIKit.framework in Frameworks */ = {isa = PBXBuildFile; fileRef = 6A438A46192BD5B8004B2A2E /* UIKit.framework */; };
		6A438A4D192BD5B8004B2A2E /* InfoPlist.strings in Resources */ = {isa = PBXBuildFile; fileRef = 6A438A4B192BD5B8004B2A2E /* InfoPlist.strings */; };
		6A438A4F192BD5B8004B2A2E /* main.m in Sources */ = {isa = PBXBuildFile; fileRef = 6A438A4E192BD5B8004B2A2E /* main.m */; };
		6A438A53192BD5B8004B2A2E /* AppDelegate.m in Sources */ = {isa = PBXBuildFile; fileRef = 6A438A52192BD5B8004B2A2E /* AppDelegate.m */; };
		6A438A56192BD5B8004B2A2E /* Main.storyboard in Resources */ = {isa = PBXBuildFile; fileRef = 6A438A54192BD5B8004B2A2E /* Main.storyboard */; };
		6A438A59192BD5B8004B2A2E /* ViewController.m in Sources */ = {isa = PBXBuildFile; fileRef = 6A438A58192BD5B8004B2A2E /* ViewController.m */; };
		6A438A5B192BD5B9004B2A2E /* Images.xcassets in Resources */ = {isa = PBXBuildFile; fileRef = 6A438A5A192BD5B9004B2A2E /* Images.xcassets */; };
		6A438A62192BD5B9004B2A2E /* XCTest.framework in Frameworks */ = {isa = PBXBuildFile; fileRef = 6A438A61192BD5B9004B2A2E /* XCTest.framework */; };
		6A438A63192BD5B9004B2A2E /* Foundation.framework in Frameworks */ = {isa = PBXBuildFile; fileRef = 6A438A42192BD5B8004B2A2E /* Foundation.framework */; };
		6A438A64192BD5B9004B2A2E /* UIKit.framework in Frameworks */ = {isa = PBXBuildFile; fileRef = 6A438A46192BD5B8004B2A2E /* UIKit.framework */; };
		6A438A6C192BD5B9004B2A2E /* InfoPlist.strings in Resources */ = {isa = PBXBuildFile; fileRef = 6A438A6A192BD5B9004B2A2E /* InfoPlist.strings */; };
		6A438A6E192BD5B9004B2A2E /* MCMSTests.m in Sources */ = {isa = PBXBuildFile; fileRef = 6A438A6D192BD5B9004B2A2E /* MCMSTests.m */; };
		6A438A78192BD5C5004B2A2E /* CheckMate.framework in Frameworks */ = {isa = PBXBuildFile; fileRef = 6A438A77192BD5C5004B2A2E /* CheckMate.framework */; };
/* End PBXBuildFile section */

/* Begin PBXContainerItemProxy section */
		6A438A65192BD5B9004B2A2E /* PBXContainerItemProxy */ = {
			isa = PBXContainerItemProxy;
			containerPortal = 6A438A37192BD5B8004B2A2E /* Project object */;
			proxyType = 1;
			remoteGlobalIDString = 6A438A3E192BD5B8004B2A2E;
			remoteInfo = MCMS;
		};
/* End PBXContainerItemProxy section */

/* Begin PBXFileReference section */
		6A438A3F192BD5B8004B2A2E /* MCMS.app */ = {isa = PBXFileReference; explicitFileType = wrapper.application; includeInIndex = 0; path = MCMS.app; sourceTree = BUILT_PRODUCTS_DIR; };
		6A438A42192BD5B8004B2A2E /* Foundation.framework */ = {isa = PBXFileReference; lastKnownFileType = wrapper.framework; name = Foundation.framework; path = System/Library/Frameworks/Foundation.framework; sourceTree = SDKROOT; };
		6A438A44192BD5B8004B2A2E /* CoreGraphics.framework */ = {isa = PBXFileReference; lastKnownFileType = wrapper.framework; name = CoreGraphics.framework; path = System/Library/Frameworks/CoreGraphics.framework; sourceTree = SDKROOT; };
		6A438A46192BD5B8004B2A2E /* UIKit.framework */ = {isa = PBXFileReference; lastKnownFileType = wrapper.framework; name = UIKit.framework; path = System/Library/Frameworks/UIKit.framework; sourceTree = SDKROOT; };
		6A438A4A192BD5B8004B2A2E /* MCMS-Info.plist */ = {isa = PBXFileReference; lastKnownFileType = text.plist.xml; path = "MCMS-Info.plist"; sourceTree = "<group>"; };
		6A438A4C192BD5B8004B2A2E /* en */ = {isa = PBXFileReference; lastKnownFileType = text.plist.strings; name = en; path = en.lproj/InfoPlist.strings; sourceTree = "<group>"; };
		6A438A4E192BD5B8004B2A2E /* main.m */ = {isa = PBXFileReference; lastKnownFileType = sourcecode.c.objc; path = main.m; sourceTree = "<group>"; };
		6A438A50192BD5B8004B2A2E /* MCMS-Prefix.pch */ = {isa = PBXFileReference; lastKnownFileType = sourcecode.c.h; path = "MCMS-Prefix.pch"; sourceTree = "<group>"; };
		6A438A51192BD5B8004B2A2E /* AppDelegate.h */ = {isa = PBXFileReference; lastKnownFileType = sourcecode.c.h; path = AppDelegate.h; sourceTree = "<group>"; };
		6A438A52192BD5B8004B2A2E /* AppDelegate.m */ = {isa = PBXFileReference; lastKnownFileType = sourcecode.c.objc; path = AppDelegate.m; sourceTree = "<group>"; };
		6A438A55192BD5B8004B2A2E /* Base */ = {isa = PBXFileReference; lastKnownFileType = file.storyboard; name = Base; path = Base.lproj/Main.storyboard; sourceTree = "<group>"; };
		6A438A57192BD5B8004B2A2E /* ViewController.h */ = {isa = PBXFileReference; lastKnownFileType = sourcecode.c.h; path = ViewController.h; sourceTree = "<group>"; };
		6A438A58192BD5B8004B2A2E /* ViewController.m */ = {isa = PBXFileReference; lastKnownFileType = sourcecode.c.objc; path = ViewController.m; sourceTree = "<group>"; };
		6A438A5A192BD5B9004B2A2E /* Images.xcassets */ = {isa = PBXFileReference; lastKnownFileType = folder.assetcatalog; path = Images.xcassets; sourceTree = "<group>"; };
		6A438A60192BD5B9004B2A2E /* MCMSTests.xctest */ = {isa = PBXFileReference; explicitFileType = wrapper.cfbundle; includeInIndex = 0; path = MCMSTests.xctest; sourceTree = BUILT_PRODUCTS_DIR; };
		6A438A61192BD5B9004B2A2E /* XCTest.framework */ = {isa = PBXFileReference; lastKnownFileType = wrapper.framework; name = XCTest.framework; path = Library/Frameworks/XCTest.framework; sourceTree = DEVELOPER_DIR; };
		6A438A69192BD5B9004B2A2E /* MCMSTests-Info.plist */ = {isa = PBXFileReference; lastKnownFileType = text.plist.xml; path = "MCMSTests-Info.plist"; sourceTree = "<group>"; };
		6A438A6B192BD5B9004B2A2E /* en */ = {isa = PBXFileReference; lastKnownFileType = text.plist.strings; name = en; path = en.lproj/InfoPlist.strings; sourceTree = "<group>"; };
		6A438A6D192BD5B9004B2A2E /* MCMSTests.m */ = {isa = PBXFileReference; lastKnownFileType = sourcecode.c.objc; path = MCMSTests.m; sourceTree = "<group>"; };
		6A438A77192BD5C5004B2A2E /* CheckMate.framework */ = {isa = PBXFileReference; lastKnownFileType = wrapper.framework; name = CheckMate.framework; path = ../../../Desktop/CheckMate.framework; sourceTree = "<group>"; };
/* End PBXFileReference section */

/* Begin PBXFrameworksBuildPhase section */
		6A438A3C192BD5B8004B2A2E /* Frameworks */ = {
			isa = PBXFrameworksBuildPhase;
			buildActionMask = 2147483647;
			files = (
				6A438A78192BD5C5004B2A2E /* CheckMate.framework in Frameworks */,
				6A438A45192BD5B8004B2A2E /* CoreGraphics.framework in Frameworks */,
				6A438A47192BD5B8004B2A2E /* UIKit.framework in Frameworks */,
				6A438A43192BD5B8004B2A2E /* Foundation.framework in Frameworks */,
			);
			runOnlyForDeploymentPostprocessing = 0;
		};
		6A438A5D192BD5B9004B2A2E /* Frameworks */ = {
			isa = PBXFrameworksBuildPhase;
			buildActionMask = 2147483647;
			files = (
				6A438A62192BD5B9004B2A2E /* XCTest.framework in Frameworks */,
				6A438A64192BD5B9004B2A2E /* UIKit.framework in Frameworks */,
				6A438A63192BD5B9004B2A2E /* Foundation.framework in Frameworks */,
			);
			runOnlyForDeploymentPostprocessing = 0;
		};
/* End PBXFrameworksBuildPhase section */

/* Begin PBXGroup section */
		6A438A36192BD5B8004B2A2E = {
			isa = PBXGroup;
			children = (
				6A438A48192BD5B8004B2A2E /* MCMS */,
				6A438A67192BD5B9004B2A2E /* MCMSTests */,
				6A438A41192BD5B8004B2A2E /* Frameworks */,
				6A438A40192BD5B8004B2A2E /* Products */,
			);
			sourceTree = "<group>";
		};
		6A438A40192BD5B8004B2A2E /* Products */ = {
			isa = PBXGroup;
			children = (
				6A438A3F192BD5B8004B2A2E /* MCMS.app */,
				6A438A60192BD5B9004B2A2E /* MCMSTests.xctest */,
			);
			name = Products;
			sourceTree = "<group>";
		};
		6A438A41192BD5B8004B2A2E /* Frameworks */ = {
			isa = PBXGroup;
			children = (
				6A438A77192BD5C5004B2A2E /* CheckMate.framework */,
				6A438A42192BD5B8004B2A2E /* Foundation.framework */,
				6A438A44192BD5B8004B2A2E /* CoreGraphics.framework */,
				6A438A46192BD5B8004B2A2E /* UIKit.framework */,
				6A438A61192BD5B9004B2A2E /* XCTest.framework */,
			);
			name = Frameworks;
			sourceTree = "<group>";
		};
		6A438A48192BD5B8004B2A2E /* MCMS */ = {
			isa = PBXGroup;
			children = (
				6A438A51192BD5B8004B2A2E /* AppDelegate.h */,
				6A438A52192BD5B8004B2A2E /* AppDelegate.m */,
				6A438A54192BD5B8004B2A2E /* Main.storyboard */,
				6A438A57192BD5B8004B2A2E /* ViewController.h */,
				6A438A58192BD5B8004B2A2E /* ViewController.m */,
				6A438A5A192BD5B9004B2A2E /* Images.xcassets */,
				6A438A49192BD5B8004B2A2E /* Supporting Files */,
			);
			path = MCMS;
			sourceTree = "<group>";
		};
		6A438A49192BD5B8004B2A2E /* Supporting Files */ = {
			isa = PBXGroup;
			children = (
				6A438A4A192BD5B8004B2A2E /* MCMS-Info.plist */,
				6A438A4B192BD5B8004B2A2E /* InfoPlist.strings */,
				6A438A4E192BD5B8004B2A2E /* main.m */,
				6A438A50192BD5B8004B2A2E /* MCMS-Prefix.pch */,
			);
			name = "Supporting Files";
			sourceTree = "<group>";
		};
		6A438A67192BD5B9004B2A2E /* MCMSTests */ = {
			isa = PBXGroup;
			children = (
				6A438A6D192BD5B9004B2A2E /* MCMSTests.m */,
				6A438A68192BD5B9004B2A2E /* Supporting Files */,
			);
			path = MCMSTests;
			sourceTree = "<group>";
		};
		6A438A68192BD5B9004B2A2E /* Supporting Files */ = {
			isa = PBXGroup;
			children = (
				6A438A69192BD5B9004B2A2E /* MCMSTests-Info.plist */,
				6A438A6A192BD5B9004B2A2E /* InfoPlist.strings */,
			);
			name = "Supporting Files";
			sourceTree = "<group>";
		};
/* End PBXGroup section */

/* Begin PBXNativeTarget section */
		6A438A3E192BD5B8004B2A2E /* MCMS */ = {
			isa = PBXNativeTarget;
			buildConfigurationList = 6A438A71192BD5B9004B2A2E /* Build configuration list for PBXNativeTarget "MCMS" */;
			buildPhases = (
				6A438A3B192BD5B8004B2A2E /* Sources */,
				6A438A3C192BD5B8004B2A2E /* Frameworks */,
				6A438A3D192BD5B8004B2A2E /* Resources */,
			);
			buildRules = (
			);
			dependencies = (
			);
			name = MCMS;
			productName = MCMS;
			productReference = 6A438A3F192BD5B8004B2A2E /* MCMS.app */;
			productType = "com.apple.product-type.application";
		};
		6A438A5F192BD5B9004B2A2E /* MCMSTests */ = {
			isa = PBXNativeTarget;
			buildConfigurationList = 6A438A74192BD5B9004B2A2E /* Build configuration list for PBXNativeTarget "MCMSTests" */;
			buildPhases = (
				6A438A5C192BD5B9004B2A2E /* Sources */,
				6A438A5D192BD5B9004B2A2E /* Frameworks */,
				6A438A5E192BD5B9004B2A2E /* Resources */,
			);
			buildRules = (
			);
			dependencies = (
				6A438A66192BD5B9004B2A2E /* PBXTargetDependency */,
			);
			name = MCMSTests;
			productName = MCMSTests;
			productReference = 6A438A60192BD5B9004B2A2E /* MCMSTests.xctest */;
			productType = "com.apple.product-type.bundle.unit-test";
		};
/* End PBXNativeTarget section */

/* Begin PBXProject section */
		6A438A37192BD5B8004B2A2E /* Project object */ = {
			isa = PBXProject;
			attributes = {
				LastUpgradeCheck = 0510;
				ORGANIZATIONNAME = "Orten, Thomas";
				TargetAttributes = {
					6A438A5F192BD5B9004B2A2E = {
						TestTargetID = 6A438A3E192BD5B8004B2A2E;
					};
				};
			};
			buildConfigurationList = 6A438A3A192BD5B8004B2A2E /* Build configuration list for PBXProject "MCMS" */;
			compatibilityVersion = "Xcode 3.2";
			developmentRegion = English;
			hasScannedForEncodings = 0;
			knownRegions = (
				en,
				Base,
			);
			mainGroup = 6A438A36192BD5B8004B2A2E;
			productRefGroup = 6A438A40192BD5B8004B2A2E /* Products */;
			projectDirPath = "";
			projectRoot = "";
			targets = (
				6A438A3E192BD5B8004B2A2E /* MCMS */,
				6A438A5F192BD5B9004B2A2E /* MCMSTests */,
			);
		};
/* End PBXProject section */

/* Begin PBXResourcesBuildPhase section */
		6A438A3D192BD5B8004B2A2E /* Resources */ = {
			isa = PBXResourcesBuildPhase;
			buildActionMask = 2147483647;
			files = (
				6A438A5B192BD5B9004B2A2E /* Images.xcassets in Resources */,
				6A438A4D192BD5B8004B2A2E /* InfoPlist.strings in Resources */,
				6A438A56192BD5B8004B2A2E /* Main.storyboard in Resources */,
			);
			runOnlyForDeploymentPostprocessing = 0;
		};
		6A438A5E192BD5B9004B2A2E /* Resources */ = {
			isa = PBXResourcesBuildPhase;
			buildActionMask = 2147483647;
			files = (
				6A438A6C192BD5B9004B2A2E /* InfoPlist.strings in Resources */,
			);
			runOnlyForDeploymentPostprocessing = 0;
		};
/* End PBXResourcesBuildPhase section */

/* Begin PBXSourcesBuildPhase section */
		6A438A3B192BD5B8004B2A2E /* Sources */ = {
			isa = PBXSourcesBuildPhase;
			buildActionMask = 2147483647;
			files = (
				6A438A59192BD5B8004B2A2E /* ViewController.m in Sources */,
				6A438A53192BD5B8004B2A2E /* AppDelegate.m in Sources */,
				6A438A4F192BD5B8004B2A2E /* main.m in Sources */,
			);
			runOnlyForDeploymentPostprocessing = 0;
		};
		6A438A5C192BD5B9004B2A2E /* Sources */ = {
			isa = PBXSourcesBuildPhase;
			buildActionMask = 2147483647;
			files = (
				6A438A6E192BD5B9004B2A2E /* MCMSTests.m in Sources */,
			);
			runOnlyForDeploymentPostprocessing = 0;
		};
/* End PBXSourcesBuildPhase section */

/* Begin PBXTargetDependency section */
		6A438A66192BD5B9004B2A2E /* PBXTargetDependency */ = {
			isa = PBXTargetDependency;
			target = 6A438A3E192BD5B8004B2A2E /* MCMS */;
			targetProxy = 6A438A65192BD5B9004B2A2E /* PBXContainerItemProxy */;
		};
/* End PBXTargetDependency section */

/* Begin PBXVariantGroup section */
		6A438A4B192BD5B8004B2A2E /* InfoPlist.strings */ = {
			isa = PBXVariantGroup;
			children = (
				6A438A4C192BD5B8004B2A2E /* en */,
			);
			name = InfoPlist.strings;
			sourceTree = "<group>";
		};
		6A438A54192BD5B8004B2A2E /* Main.storyboard */ = {
			isa = PBXVariantGroup;
			children = (
				6A438A55192BD5B8004B2A2E /* Base */,
			);
			name = Main.storyboard;
			sourceTree = "<group>";
		};
		6A438A6A192BD5B9004B2A2E /* InfoPlist.strings */ = {
			isa = PBXVariantGroup;
			children = (
				6A438A6B192BD5B9004B2A2E /* en */,
			);
			name = InfoPlist.strings;
			sourceTree = "<group>";
		};
/* End PBXVariantGroup section */

/* Begin XCBuildConfiguration section */
		6A438A6F192BD5B9004B2A2E /* Debug */ = {
			isa = XCBuildConfiguration;
			buildSettings = {
				ALWAYS_SEARCH_USER_PATHS = NO;
				CLANG_CXX_LANGUAGE_STANDARD = "gnu++0x";
				CLANG_CXX_LIBRARY = "libc++";
				CLANG_ENABLE_MODULES = YES;
				CLANG_ENABLE_OBJC_ARC = YES;
				CLANG_WARN_BOOL_CONVERSION = YES;
				CLANG_WARN_CONSTANT_CONVERSION = YES;
				CLANG_WARN_DIRECT_OBJC_ISA_USAGE = YES_ERROR;
				CLANG_WARN_EMPTY_BODY = YES;
				CLANG_WARN_ENUM_CONVERSION = YES;
				CLANG_WARN_INT_CONVERSION = YES;
				CLANG_WARN_OBJC_ROOT_CLASS = YES_ERROR;
				CLANG_WARN__DUPLICATE_METHOD_MATCH = YES;
				"CODE_SIGN_IDENTITY[sdk=iphoneos*]" = "iPhone Developer";
				COPY_PHASE_STRIP = NO;
				GCC_C_LANGUAGE_STANDARD = gnu99;
				GCC_DYNAMIC_NO_PIC = NO;
				GCC_OPTIMIZATION_LEVEL = 0;
				GCC_PREPROCESSOR_DEFINITIONS = (
					"DEBUG=1",
					"$(inherited)",
				);
				GCC_SYMBOLS_PRIVATE_EXTERN = NO;
				GCC_WARN_64_TO_32_BIT_CONVERSION = YES;
				GCC_WARN_ABOUT_RETURN_TYPE = YES_ERROR;
				GCC_WARN_UNDECLARED_SELECTOR = YES;
				GCC_WARN_UNINITIALIZED_AUTOS = YES_AGGRESSIVE;
				GCC_WARN_UNUSED_FUNCTION = YES;
				GCC_WARN_UNUSED_VARIABLE = YES;
				IPHONEOS_DEPLOYMENT_TARGET = 7.1;
				ONLY_ACTIVE_ARCH = YES;
				SDKROOT = iphoneos;
			};
			name = Debug;
		};
		6A438A70192BD5B9004B2A2E /* Release */ = {
			isa = XCBuildConfiguration;
			buildSettings = {
				ALWAYS_SEARCH_USER_PATHS = NO;
				CLANG_CXX_LANGUAGE_STANDARD = "gnu++0x";
				CLANG_CXX_LIBRARY = "libc++";
				CLANG_ENABLE_MODULES = YES;
				CLANG_ENABLE_OBJC_ARC = YES;
				CLANG_WARN_BOOL_CONVERSION = YES;
				CLANG_WARN_CONSTANT_CONVERSION = YES;
				CLANG_WARN_DIRECT_OBJC_ISA_USAGE = YES_ERROR;
				CLANG_WARN_EMPTY_BODY = YES;
				CLANG_WARN_ENUM_CONVERSION = YES;
				CLANG_WARN_INT_CONVERSION = YES;
				CLANG_WARN_OBJC_ROOT_CLASS = YES_ERROR;
				CLANG_WARN__DUPLICATE_METHOD_MATCH = YES;
				"CODE_SIGN_IDENTITY[sdk=iphoneos*]" = "iPhone Developer";
				COPY_PHASE_STRIP = YES;
				ENABLE_NS_ASSERTIONS = NO;
				GCC_C_LANGUAGE_STANDARD = gnu99;
				GCC_WARN_64_TO_32_BIT_CONVERSION = YES;
				GCC_WARN_ABOUT_RETURN_TYPE = YES_ERROR;
				GCC_WARN_UNDECLARED_SELECTOR = YES;
				GCC_WARN_UNINITIALIZED_AUTOS = YES_AGGRESSIVE;
				GCC_WARN_UNUSED_FUNCTION = YES;
				GCC_WARN_UNUSED_VARIABLE = YES;
				IPHONEOS_DEPLOYMENT_TARGET = 7.1;
				SDKROOT = iphoneos;
				VALIDATE_PRODUCT = YES;
			};
			name = Release;
		};
		6A438A72192BD5B9004B2A2E /* Debug */ = {
			isa = XCBuildConfiguration;
			buildSettings = {
				ASSETCATALOG_COMPILER_APPICON_NAME = AppIcon;
				ASSETCATALOG_COMPILER_LAUNCHIMAGE_NAME = LaunchImage;
				FRAMEWORK_SEARCH_PATHS = (
					"$(inherited)",
					/Users/thomaso/Desktop,
				);
				GCC_PRECOMPILE_PREFIX_HEADER = YES;
				GCC_PREFIX_HEADER = "MCMS/MCMS-Prefix.pch";
				INFOPLIST_FILE = "MCMS/MCMS-Info.plist";
				PRODUCT_NAME = "$(TARGET_NAME)";
				WRAPPER_EXTENSION = app;
			};
			name = Debug;
		};
		6A438A73192BD5B9004B2A2E /* Release */ = {
			isa = XCBuildConfiguration;
			buildSettings = {
				ASSETCATALOG_COMPILER_APPICON_NAME = AppIcon;
				ASSETCATALOG_COMPILER_LAUNCHIMAGE_NAME = LaunchImage;
				FRAMEWORK_SEARCH_PATHS = (
					"$(inherited)",
					/Users/thomaso/Desktop,
				);
				GCC_PRECOMPILE_PREFIX_HEADER = YES;
				GCC_PREFIX_HEADER = "MCMS/MCMS-Prefix.pch";
				INFOPLIST_FILE = "MCMS/MCMS-Info.plist";
				PRODUCT_NAME = "$(TARGET_NAME)";
				WRAPPER_EXTENSION = app;
			};
			name = Release;
		};
		6A438A75192BD5B9004B2A2E /* Debug */ = {
			isa = XCBuildConfiguration;
			buildSettings = {
				BUNDLE_LOADER = "$(BUILT_PRODUCTS_DIR)/MCMS.app/MCMS";
				FRAMEWORK_SEARCH_PATHS = (
					"$(SDKROOT)/Developer/Library/Frameworks",
					"$(inherited)",
					"$(DEVELOPER_FRAMEWORKS_DIR)",
				);
				GCC_PRECOMPILE_PREFIX_HEADER = YES;
				GCC_PREFIX_HEADER = "MCMS/MCMS-Prefix.pch";
				GCC_PREPROCESSOR_DEFINITIONS = (
					"DEBUG=1",
					"$(inherited)",
				);
				INFOPLIST_FILE = "MCMSTests/MCMSTests-Info.plist";
				PRODUCT_NAME = "$(TARGET_NAME)";
				TEST_HOST = "$(BUNDLE_LOADER)";
				WRAPPER_EXTENSION = xctest;
			};
			name = Debug;
		};
		6A438A76192BD5B9004B2A2E /* Release */ = {
			isa = XCBuildConfiguration;
			buildSettings = {
				BUNDLE_LOADER = "$(BUILT_PRODUCTS_DIR)/MCMS.app/MCMS";
				FRAMEWORK_SEARCH_PATHS = (
					"$(SDKROOT)/Developer/Library/Frameworks",
					"$(inherited)",
					"$(DEVELOPER_FRAMEWORKS_DIR)",
				);
				GCC_PRECOMPILE_PREFIX_HEADER = YES;
				GCC_PREFIX_HEADER = "MCMS/MCMS-Prefix.pch";
				INFOPLIST_FILE = "MCMSTests/MCMSTests-Info.plist";
				PRODUCT_NAME = "$(TARGET_NAME)";
				TEST_HOST = "$(BUNDLE_LOADER)";
				WRAPPER_EXTENSION = xctest;
			};
			name = Release;
		};
/* End XCBuildConfiguration section */

/* Begin XCConfigurationList section */
		6A438A3A192BD5B8004B2A2E /* Build configuration list for PBXProject "MCMS" */ = {
			isa = XCConfigurationList;
			buildConfigurations = (
				6A438A6F192BD5B9004B2A2E /* Debug */,
				6A438A70192BD5B9004B2A2E /* Release */,
			);
			defaultConfigurationIsVisible = 0;
			defaultConfigurationName = Release;
		};
		6A438A71192BD5B9004B2A2E /* Build configuration list for PBXNativeTarget "MCMS" */ = {
			isa = XCConfigurationList;
			buildConfigurations = (
				6A438A72192BD5B9004B2A2E /* Debug */,
				6A438A73192BD5B9004B2A2E /* Release */,
			);
			defaultConfigurationIsVisible = 0;
		};
		6A438A74192BD5B9004B2A2E /* Build configuration list for PBXNativeTarget "MCMSTests" */ = {
			isa = XCConfigurationList;
			buildConfigurations = (
				6A438A75192BD5B9004B2A2E /* Debug */,
				6A438A76192BD5B9004B2A2E /* Release */,
			);
			defaultConfigurationIsVisible = 0;
		};
/* End XCConfigurationList section */
	};
	rootObject = 6A438A37192BD5B8004B2A2E /* Project object */;
}
